
Microsoft Visual Studio Solution File, Format Version 12.00
# Visual Studio Version 17
VisualStudioVersion = 17.4.33213.308
MinimumVisualStudioVersion = 10.0.40219.1
Project("{FAE04EC0-301F-11D3-BF4B-00C04F79EFBC}") = "Restoran4", "Restoran4\Restoran4.csproj", "{BAA5D154-94AF-456F-8C2D-412272B3D4D9}"
EndProject
Global
	GlobalSection(SolutionConfigurationPlatforms) = preSolution
		Debug|Any CPU = Debug|Any CPU
		Release|Any CPU = Release|Any CPU
	EndGlobalSection
	GlobalSection(ProjectConfigurationPlatforms) = postSolution
		{BAA5D154-94AF-456F-8C2D-412272B3D4D9}.Debug|Any CPU.ActiveCfg = Debug|Any CPU
		{BAA5D154-94AF-456F-8C2D-412272B3D4D9}.Debug|Any CPU.Build.0 = Debug|Any CPU
		{BAA5D154-94AF-456F-8C2D-412272B3D4D9}.Release|Any CPU.ActiveCfg = Release|Any CPU
		{BAA5D154-94AF-456F-8C2D-412272B3D4D9}.Release|Any CPU.Build.0 = Release|Any CPU
	EndGlobalSection
	GlobalSection(SolutionProperties) = preSolution
		HideSolutionNode = FALSE
	EndGlobalSection
	GlobalSection(ExtensibilityGlobals) = postSolution
		SolutionGuid = {75F02B19-DF4B-4416-A86A-4A95E671828A}
	EndGlobalSection
EndGlobal
